
Microsoft Visual Studio Solution File, Format Version 10.00
# Visual Studio 2008
Project("{FAE04EC0-301F-11D3-BF4B-00C04F79EFBC}") = "SolidColorBrush", "SolidColorBrush.csproj", "{A6411943-420C-4DD1-87D7-90653D3395A6}"
EndProject
Global
	GlobalSection(SolutionConfigurationPlatforms) = preSolution
		Debug|Any CPU = Debug|Any CPU
		Release|Any CPU = Release|Any CPU
	EndGlobalSection
	GlobalSection(ProjectConfigurationPlatforms) = postSolution
		{A6411943-420C-4DD1-87D7-90653D3395A6}.Debug|Any CPU.ActiveCfg = Debug|Any CPU
		{A6411943-420C-4DD1-87D7-90653D3395A6}.Debug|Any CPU.Build.0 = Debug|Any CPU
		{A6411943-420C-4DD1-87D7-90653D3395A6}.Release|Any CPU.ActiveCfg = Release|Any CPU
		{A6411943-420C-4DD1-87D7-90653D3395A6}.Release|Any CPU.Build.0 = Release|Any CPU
	EndGlobalSection
	GlobalSection(SolutionProperties) = preSolution
		HideSolutionNode = FALSE
	EndGlobalSection
EndGlobal
