
Microsoft Visual Studio Solution File, Format Version 10.00
# Visual Studio 2008
Project("{FAE04EC0-301F-11D3-BF4B-00C04F79EFBC}") = "MultipleBindings", "MultipleBindings\MultipleBindings.csproj", "{DE37CF18-D8A6-441F-805D-4C1BFAEB14D4}"
EndProject
Global
	GlobalSection(SolutionConfigurationPlatforms) = preSolution
		Debug|Any CPU = Debug|Any CPU
		Release|Any CPU = Release|Any CPU
	EndGlobalSection
	GlobalSection(ProjectConfigurationPlatforms) = postSolution
		{DE37CF18-D8A6-441F-805D-4C1BFAEB14D4}.Debug|Any CPU.ActiveCfg = Debug|Any CPU
		{DE37CF18-D8A6-441F-805D-4C1BFAEB14D4}.Debug|Any CPU.Build.0 = Debug|Any CPU
		{DE37CF18-D8A6-441F-805D-4C1BFAEB14D4}.Release|Any CPU.ActiveCfg = Release|Any CPU
		{DE37CF18-D8A6-441F-805D-4C1BFAEB14D4}.Release|Any CPU.Build.0 = Release|Any CPU
	EndGlobalSection
	GlobalSection(SolutionProperties) = preSolution
		HideSolutionNode = FALSE
	EndGlobalSection
EndGlobal
