
Microsoft Visual Studio Solution File, Format Version 10.00
# Visual Studio 2008
Project("{FAE04EC0-301F-11D3-BF4B-00C04F79EFBC}") = "DrawingBrushVideo", "DrawingBrushVideo\DrawingBrushVideo.csproj", "{BCF22B17-D0F7-475D-A222-61A98E984DC2}"
EndProject
Global
	GlobalSection(SolutionConfigurationPlatforms) = preSolution
		Debug|Any CPU = Debug|Any CPU
		Release|Any CPU = Release|Any CPU
	EndGlobalSection
	GlobalSection(ProjectConfigurationPlatforms) = postSolution
		{BCF22B17-D0F7-475D-A222-61A98E984DC2}.Debug|Any CPU.ActiveCfg = Debug|Any CPU
		{BCF22B17-D0F7-475D-A222-61A98E984DC2}.Debug|Any CPU.Build.0 = Debug|Any CPU
		{BCF22B17-D0F7-475D-A222-61A98E984DC2}.Release|Any CPU.ActiveCfg = Release|Any CPU
		{BCF22B17-D0F7-475D-A222-61A98E984DC2}.Release|Any CPU.Build.0 = Release|Any CPU
	EndGlobalSection
	GlobalSection(SolutionProperties) = preSolution
		HideSolutionNode = FALSE
	EndGlobalSection
EndGlobal
