
Microsoft Visual Studio Solution File, Format Version 10.00
# Visual Studio 2008
Project("{FAE04EC0-301F-11D3-BF4B-00C04F79EFBC}") = "MySimpleProgram", "MySimpleProgram\MySimpleProgram.csproj", "{08FDCB2C-54C2-4E3D-A8AE-E0F2AF098BE2}"
EndProject
Global
	GlobalSection(SolutionConfigurationPlatforms) = preSolution
		Debug|Any CPU = Debug|Any CPU
		Release|Any CPU = Release|Any CPU
	EndGlobalSection
	GlobalSection(ProjectConfigurationPlatforms) = postSolution
		{08FDCB2C-54C2-4E3D-A8AE-E0F2AF098BE2}.Debug|Any CPU.ActiveCfg = Debug|Any CPU
		{08FDCB2C-54C2-4E3D-A8AE-E0F2AF098BE2}.Debug|Any CPU.Build.0 = Debug|Any CPU
		{08FDCB2C-54C2-4E3D-A8AE-E0F2AF098BE2}.Release|Any CPU.ActiveCfg = Release|Any CPU
		{08FDCB2C-54C2-4E3D-A8AE-E0F2AF098BE2}.Release|Any CPU.Build.0 = Release|Any CPU
	EndGlobalSection
	GlobalSection(SolutionProperties) = preSolution
		HideSolutionNode = FALSE
	EndGlobalSection
EndGlobal
