
Microsoft Visual Studio Solution File, Format Version 10.00
# Visual Studio 2008
Project("{FAE04EC0-301F-11D3-BF4B-00C04F79EFBC}") = "MenuCommands", "MenuCommands\MenuCommands.csproj", "{BDE3575C-5F1B-44BB-9CEC-C8D1C2FC6791}"
EndProject
Global
	GlobalSection(SolutionConfigurationPlatforms) = preSolution
		Debug|Any CPU = Debug|Any CPU
		Release|Any CPU = Release|Any CPU
	EndGlobalSection
	GlobalSection(ProjectConfigurationPlatforms) = postSolution
		{BDE3575C-5F1B-44BB-9CEC-C8D1C2FC6791}.Debug|Any CPU.ActiveCfg = Debug|Any CPU
		{BDE3575C-5F1B-44BB-9CEC-C8D1C2FC6791}.Debug|Any CPU.Build.0 = Debug|Any CPU
		{BDE3575C-5F1B-44BB-9CEC-C8D1C2FC6791}.Release|Any CPU.ActiveCfg = Release|Any CPU
		{BDE3575C-5F1B-44BB-9CEC-C8D1C2FC6791}.Release|Any CPU.Build.0 = Release|Any CPU
	EndGlobalSection
	GlobalSection(SolutionProperties) = preSolution
		HideSolutionNode = FALSE
	EndGlobalSection
EndGlobal
