
Microsoft Visual Studio Solution File, Format Version 10.00
# Visual Studio 2008
Project("{FAE04EC0-301F-11D3-BF4B-00C04F79EFBC}") = "TriggerSimple", "TriggerSimple\TriggerSimple.csproj", "{9166386A-2FA7-4392-B3BE-6A3DA5BFB1AE}"
EndProject
Global
	GlobalSection(SolutionConfigurationPlatforms) = preSolution
		Debug|Any CPU = Debug|Any CPU
		Release|Any CPU = Release|Any CPU
	EndGlobalSection
	GlobalSection(ProjectConfigurationPlatforms) = postSolution
		{9166386A-2FA7-4392-B3BE-6A3DA5BFB1AE}.Debug|Any CPU.ActiveCfg = Debug|Any CPU
		{9166386A-2FA7-4392-B3BE-6A3DA5BFB1AE}.Debug|Any CPU.Build.0 = Debug|Any CPU
		{9166386A-2FA7-4392-B3BE-6A3DA5BFB1AE}.Release|Any CPU.ActiveCfg = Release|Any CPU
		{9166386A-2FA7-4392-B3BE-6A3DA5BFB1AE}.Release|Any CPU.Build.0 = Release|Any CPU
	EndGlobalSection
	GlobalSection(SolutionProperties) = preSolution
		HideSolutionNode = FALSE
	EndGlobalSection
EndGlobal
