
Microsoft Visual Studio Solution File, Format Version 10.00
# Visual Studio 2008
Project("{FAE04EC0-301F-11D3-BF4B-00C04F79EFBC}") = "WindowButton", "WindowButton.csproj", "{2D4E6752-6DB0-46C1-A3CD-536F3C0814D4}"
EndProject
Global
	GlobalSection(SolutionConfigurationPlatforms) = preSolution
		Debug|Any CPU = Debug|Any CPU
		Release|Any CPU = Release|Any CPU
	EndGlobalSection
	GlobalSection(ProjectConfigurationPlatforms) = postSolution
		{2D4E6752-6DB0-46C1-A3CD-536F3C0814D4}.Debug|Any CPU.ActiveCfg = Debug|Any CPU
		{2D4E6752-6DB0-46C1-A3CD-536F3C0814D4}.Debug|Any CPU.Build.0 = Debug|Any CPU
		{2D4E6752-6DB0-46C1-A3CD-536F3C0814D4}.Release|Any CPU.ActiveCfg = Release|Any CPU
		{2D4E6752-6DB0-46C1-A3CD-536F3C0814D4}.Release|Any CPU.Build.0 = Release|Any CPU
	EndGlobalSection
	GlobalSection(SolutionProperties) = preSolution
		HideSolutionNode = FALSE
	EndGlobalSection
EndGlobal
