
Microsoft Visual Studio Solution File, Format Version 10.00
# Visual Studio 2008
Project("{FAE04EC0-301F-11D3-BF4B-00C04F79EFBC}") = "SimpleAppPart2", "SimpleAppPart2\SimpleAppPart2.csproj", "{BEFF4C62-55E0-4A80-92F1-89B4FD965079}"
EndProject
Global
	GlobalSection(SolutionConfigurationPlatforms) = preSolution
		Debug|Any CPU = Debug|Any CPU
		Release|Any CPU = Release|Any CPU
	EndGlobalSection
	GlobalSection(ProjectConfigurationPlatforms) = postSolution
		{BEFF4C62-55E0-4A80-92F1-89B4FD965079}.Debug|Any CPU.ActiveCfg = Debug|Any CPU
		{BEFF4C62-55E0-4A80-92F1-89B4FD965079}.Debug|Any CPU.Build.0 = Debug|Any CPU
		{BEFF4C62-55E0-4A80-92F1-89B4FD965079}.Release|Any CPU.ActiveCfg = Release|Any CPU
		{BEFF4C62-55E0-4A80-92F1-89B4FD965079}.Release|Any CPU.Build.0 = Release|Any CPU
	EndGlobalSection
	GlobalSection(SolutionProperties) = preSolution
		HideSolutionNode = FALSE
	EndGlobalSection
EndGlobal
