
Microsoft Visual Studio Solution File, Format Version 10.00
# Visual Studio 2008
Project("{FAE04EC0-301F-11D3-BF4B-00C04F79EFBC}") = "SliderSelectionRange", "SliderSelectionRange\SliderSelectionRange.csproj", "{077A84DC-E57B-400B-ACE4-4C8CE3A7AC64}"
EndProject
Global
	GlobalSection(SolutionConfigurationPlatforms) = preSolution
		Debug|Any CPU = Debug|Any CPU
		Release|Any CPU = Release|Any CPU
	EndGlobalSection
	GlobalSection(ProjectConfigurationPlatforms) = postSolution
		{077A84DC-E57B-400B-ACE4-4C8CE3A7AC64}.Debug|Any CPU.ActiveCfg = Debug|Any CPU
		{077A84DC-E57B-400B-ACE4-4C8CE3A7AC64}.Debug|Any CPU.Build.0 = Debug|Any CPU
		{077A84DC-E57B-400B-ACE4-4C8CE3A7AC64}.Release|Any CPU.ActiveCfg = Release|Any CPU
		{077A84DC-E57B-400B-ACE4-4C8CE3A7AC64}.Release|Any CPU.Build.0 = Release|Any CPU
	EndGlobalSection
	GlobalSection(SolutionProperties) = preSolution
		HideSolutionNode = FALSE
	EndGlobalSection
EndGlobal
