
Microsoft Visual Studio Solution File, Format Version 10.00
# Visual Studio 2008
Project("{FAE04EC0-301F-11D3-BF4B-00C04F79EFBC}") = "CombinedUnion", "CombinedUnion\CombinedUnion.csproj", "{B621BE87-F00A-43A0-9B07-9FE07B4F83CD}"
EndProject
Global
	GlobalSection(SolutionConfigurationPlatforms) = preSolution
		Debug|Any CPU = Debug|Any CPU
		Release|Any CPU = Release|Any CPU
	EndGlobalSection
	GlobalSection(ProjectConfigurationPlatforms) = postSolution
		{B621BE87-F00A-43A0-9B07-9FE07B4F83CD}.Debug|Any CPU.ActiveCfg = Debug|Any CPU
		{B621BE87-F00A-43A0-9B07-9FE07B4F83CD}.Debug|Any CPU.Build.0 = Debug|Any CPU
		{B621BE87-F00A-43A0-9B07-9FE07B4F83CD}.Release|Any CPU.ActiveCfg = Release|Any CPU
		{B621BE87-F00A-43A0-9B07-9FE07B4F83CD}.Release|Any CPU.Build.0 = Release|Any CPU
	EndGlobalSection
	GlobalSection(SolutionProperties) = preSolution
		HideSolutionNode = FALSE
	EndGlobalSection
EndGlobal
