
Microsoft Visual Studio Solution File, Format Version 10.00
# Visual Studio 2008
Project("{FAE04EC0-301F-11D3-BF4B-00C04F79EFBC}") = "TheArcSegment", "TheArcSegment\TheArcSegment.csproj", "{02C95C44-4AFF-40A2-91C6-A7F4E4AEED2E}"
EndProject
Global
	GlobalSection(SolutionConfigurationPlatforms) = preSolution
		Debug|Any CPU = Debug|Any CPU
		Release|Any CPU = Release|Any CPU
	EndGlobalSection
	GlobalSection(ProjectConfigurationPlatforms) = postSolution
		{02C95C44-4AFF-40A2-91C6-A7F4E4AEED2E}.Debug|Any CPU.ActiveCfg = Debug|Any CPU
		{02C95C44-4AFF-40A2-91C6-A7F4E4AEED2E}.Debug|Any CPU.Build.0 = Debug|Any CPU
		{02C95C44-4AFF-40A2-91C6-A7F4E4AEED2E}.Release|Any CPU.ActiveCfg = Release|Any CPU
		{02C95C44-4AFF-40A2-91C6-A7F4E4AEED2E}.Release|Any CPU.Build.0 = Release|Any CPU
	EndGlobalSection
	GlobalSection(SolutionProperties) = preSolution
		HideSolutionNode = FALSE
	EndGlobalSection
EndGlobal
