
Microsoft Visual Studio Solution File, Format Version 10.00
# Visual Studio 2008
Project("{FAE04EC0-301F-11D3-BF4B-00C04F79EFBC}") = "UniformGrid1", "UniformGrid1\UniformGrid1.csproj", "{3A2634F1-7C9C-4BD8-AD45-EC4F13D81909}"
EndProject
Global
	GlobalSection(SolutionConfigurationPlatforms) = preSolution
		Debug|Any CPU = Debug|Any CPU
		Release|Any CPU = Release|Any CPU
	EndGlobalSection
	GlobalSection(ProjectConfigurationPlatforms) = postSolution
		{3A2634F1-7C9C-4BD8-AD45-EC4F13D81909}.Debug|Any CPU.ActiveCfg = Debug|Any CPU
		{3A2634F1-7C9C-4BD8-AD45-EC4F13D81909}.Debug|Any CPU.Build.0 = Debug|Any CPU
		{3A2634F1-7C9C-4BD8-AD45-EC4F13D81909}.Release|Any CPU.ActiveCfg = Release|Any CPU
		{3A2634F1-7C9C-4BD8-AD45-EC4F13D81909}.Release|Any CPU.Build.0 = Release|Any CPU
	EndGlobalSection
	GlobalSection(SolutionProperties) = preSolution
		HideSolutionNode = FALSE
	EndGlobalSection
EndGlobal
