
Microsoft Visual Studio Solution File, Format Version 10.00
# Visual Studio 2008
Project("{FAE04EC0-301F-11D3-BF4B-00C04F79EFBC}") = "MarkupExtensions", "MarkupExtensions\MarkupExtensions.csproj", "{16985A8B-0F89-495D-8740-C621AB363130}"
EndProject
Global
	GlobalSection(SolutionConfigurationPlatforms) = preSolution
		Debug|Any CPU = Debug|Any CPU
		Release|Any CPU = Release|Any CPU
	EndGlobalSection
	GlobalSection(ProjectConfigurationPlatforms) = postSolution
		{16985A8B-0F89-495D-8740-C621AB363130}.Debug|Any CPU.ActiveCfg = Debug|Any CPU
		{16985A8B-0F89-495D-8740-C621AB363130}.Debug|Any CPU.Build.0 = Debug|Any CPU
		{16985A8B-0F89-495D-8740-C621AB363130}.Release|Any CPU.ActiveCfg = Release|Any CPU
		{16985A8B-0F89-495D-8740-C621AB363130}.Release|Any CPU.Build.0 = Release|Any CPU
	EndGlobalSection
	GlobalSection(SolutionProperties) = preSolution
		HideSolutionNode = FALSE
	EndGlobalSection
EndGlobal
