
Microsoft Visual Studio Solution File, Format Version 10.00
# Visual Studio 2008
Project("{FAE04EC0-301F-11D3-BF4B-00C04F79EFBC}") = "PathAnimation", "PathAnimation\PathAnimation.csproj", "{4C4BB241-6ACD-4667-9608-D69F98AAF56A}"
EndProject
Global
	GlobalSection(SolutionConfigurationPlatforms) = preSolution
		Debug|Any CPU = Debug|Any CPU
		Release|Any CPU = Release|Any CPU
	EndGlobalSection
	GlobalSection(ProjectConfigurationPlatforms) = postSolution
		{4C4BB241-6ACD-4667-9608-D69F98AAF56A}.Debug|Any CPU.ActiveCfg = Debug|Any CPU
		{4C4BB241-6ACD-4667-9608-D69F98AAF56A}.Debug|Any CPU.Build.0 = Debug|Any CPU
		{4C4BB241-6ACD-4667-9608-D69F98AAF56A}.Release|Any CPU.ActiveCfg = Release|Any CPU
		{4C4BB241-6ACD-4667-9608-D69F98AAF56A}.Release|Any CPU.Build.0 = Release|Any CPU
	EndGlobalSection
	GlobalSection(SolutionProperties) = preSolution
		HideSolutionNode = FALSE
	EndGlobalSection
EndGlobal
