
Microsoft Visual Studio Solution File, Format Version 10.00
# Visual Studio 2008
Project("{FAE04EC0-301F-11D3-BF4B-00C04F79EFBC}") = "LineAndPolyLineSegments", "LineAndPolyLineSegments\LineAndPolyLineSegments.csproj", "{DB4B8C51-E68D-4822-8915-C6364E593603}"
EndProject
Global
	GlobalSection(SolutionConfigurationPlatforms) = preSolution
		Debug|Any CPU = Debug|Any CPU
		Release|Any CPU = Release|Any CPU
	EndGlobalSection
	GlobalSection(ProjectConfigurationPlatforms) = postSolution
		{DB4B8C51-E68D-4822-8915-C6364E593603}.Debug|Any CPU.ActiveCfg = Debug|Any CPU
		{DB4B8C51-E68D-4822-8915-C6364E593603}.Debug|Any CPU.Build.0 = Debug|Any CPU
		{DB4B8C51-E68D-4822-8915-C6364E593603}.Release|Any CPU.ActiveCfg = Release|Any CPU
		{DB4B8C51-E68D-4822-8915-C6364E593603}.Release|Any CPU.Build.0 = Release|Any CPU
	EndGlobalSection
	GlobalSection(SolutionProperties) = preSolution
		HideSolutionNode = FALSE
	EndGlobalSection
EndGlobal
