
Microsoft Visual Studio Solution File, Format Version 10.00
# Visual Studio 2008
Project("{FAE04EC0-301F-11D3-BF4B-00C04F79EFBC}") = "ButtonText", "ButtonText\ButtonText.csproj", "{84A74896-0075-442D-B972-432AC9D1BA75}"
EndProject
Global
	GlobalSection(SolutionConfigurationPlatforms) = preSolution
		Debug|Any CPU = Debug|Any CPU
		Release|Any CPU = Release|Any CPU
	EndGlobalSection
	GlobalSection(ProjectConfigurationPlatforms) = postSolution
		{84A74896-0075-442D-B972-432AC9D1BA75}.Debug|Any CPU.ActiveCfg = Debug|Any CPU
		{84A74896-0075-442D-B972-432AC9D1BA75}.Debug|Any CPU.Build.0 = Debug|Any CPU
		{84A74896-0075-442D-B972-432AC9D1BA75}.Release|Any CPU.ActiveCfg = Release|Any CPU
		{84A74896-0075-442D-B972-432AC9D1BA75}.Release|Any CPU.Build.0 = Release|Any CPU
	EndGlobalSection
	GlobalSection(SolutionProperties) = preSolution
		HideSolutionNode = FALSE
	EndGlobalSection
EndGlobal
