
Microsoft Visual Studio Solution File, Format Version 10.00
# Visual Studio 2008
Project("{FAE04EC0-301F-11D3-BF4B-00C04F79EFBC}") = "MultipleTargetTypes", "MultipleTargetTypes\MultipleTargetTypes.csproj", "{79AAD4CA-E69A-4E50-871F-CDBE4600EF30}"
EndProject
Global
	GlobalSection(SolutionConfigurationPlatforms) = preSolution
		Debug|Any CPU = Debug|Any CPU
		Release|Any CPU = Release|Any CPU
	EndGlobalSection
	GlobalSection(ProjectConfigurationPlatforms) = postSolution
		{79AAD4CA-E69A-4E50-871F-CDBE4600EF30}.Debug|Any CPU.ActiveCfg = Debug|Any CPU
		{79AAD4CA-E69A-4E50-871F-CDBE4600EF30}.Debug|Any CPU.Build.0 = Debug|Any CPU
		{79AAD4CA-E69A-4E50-871F-CDBE4600EF30}.Release|Any CPU.ActiveCfg = Release|Any CPU
		{79AAD4CA-E69A-4E50-871F-CDBE4600EF30}.Release|Any CPU.Build.0 = Release|Any CPU
	EndGlobalSection
	GlobalSection(SolutionProperties) = preSolution
		HideSolutionNode = FALSE
	EndGlobalSection
EndGlobal
