
Microsoft Visual Studio Solution File, Format Version 10.00
# Visual Studio 2008
Project("{FAE04EC0-301F-11D3-BF4B-00C04F79EFBC}") = "PictureMenu", "PictureMenu\PictureMenu.csproj", "{EB5EC60F-070A-4E40-9FAF-6CF3E7304537}"
EndProject
Global
	GlobalSection(SolutionConfigurationPlatforms) = preSolution
		Debug|Any CPU = Debug|Any CPU
		Release|Any CPU = Release|Any CPU
	EndGlobalSection
	GlobalSection(ProjectConfigurationPlatforms) = postSolution
		{EB5EC60F-070A-4E40-9FAF-6CF3E7304537}.Debug|Any CPU.ActiveCfg = Debug|Any CPU
		{EB5EC60F-070A-4E40-9FAF-6CF3E7304537}.Debug|Any CPU.Build.0 = Debug|Any CPU
		{EB5EC60F-070A-4E40-9FAF-6CF3E7304537}.Release|Any CPU.ActiveCfg = Release|Any CPU
		{EB5EC60F-070A-4E40-9FAF-6CF3E7304537}.Release|Any CPU.Build.0 = Release|Any CPU
	EndGlobalSection
	GlobalSection(SolutionProperties) = preSolution
		HideSolutionNode = FALSE
	EndGlobalSection
EndGlobal
