
Microsoft Visual Studio Solution File, Format Version 10.00
# Visual Studio 2008
Project("{FAE04EC0-301F-11D3-BF4B-00C04F79EFBC}") = "IntroSliderExplicitTrigger", "IntroSliderExplicitTrigger\IntroSliderExplicitTrigger.csproj", "{DF56C8E7-940E-4056-BCDC-F098D969CDDA}"
EndProject
Global
	GlobalSection(SolutionConfigurationPlatforms) = preSolution
		Debug|Any CPU = Debug|Any CPU
		Release|Any CPU = Release|Any CPU
	EndGlobalSection
	GlobalSection(ProjectConfigurationPlatforms) = postSolution
		{DF56C8E7-940E-4056-BCDC-F098D969CDDA}.Debug|Any CPU.ActiveCfg = Debug|Any CPU
		{DF56C8E7-940E-4056-BCDC-F098D969CDDA}.Debug|Any CPU.Build.0 = Debug|Any CPU
		{DF56C8E7-940E-4056-BCDC-F098D969CDDA}.Release|Any CPU.ActiveCfg = Release|Any CPU
		{DF56C8E7-940E-4056-BCDC-F098D969CDDA}.Release|Any CPU.Build.0 = Release|Any CPU
	EndGlobalSection
	GlobalSection(SolutionProperties) = preSolution
		HideSolutionNode = FALSE
	EndGlobalSection
EndGlobal
