
Microsoft Visual Studio Solution File, Format Version 10.00
# Visual Studio 2008
Project("{FAE04EC0-301F-11D3-BF4B-00C04F79EFBC}") = "SizeShareGroups1", "SizeShareGroups1\SizeShareGroups1.csproj", "{EDC7A68C-C487-4BB1-87B8-66B9D9ECA676}"
EndProject
Global
	GlobalSection(SolutionConfigurationPlatforms) = preSolution
		Debug|Any CPU = Debug|Any CPU
		Release|Any CPU = Release|Any CPU
	EndGlobalSection
	GlobalSection(ProjectConfigurationPlatforms) = postSolution
		{EDC7A68C-C487-4BB1-87B8-66B9D9ECA676}.Debug|Any CPU.ActiveCfg = Debug|Any CPU
		{EDC7A68C-C487-4BB1-87B8-66B9D9ECA676}.Debug|Any CPU.Build.0 = Debug|Any CPU
		{EDC7A68C-C487-4BB1-87B8-66B9D9ECA676}.Release|Any CPU.ActiveCfg = Release|Any CPU
		{EDC7A68C-C487-4BB1-87B8-66B9D9ECA676}.Release|Any CPU.Build.0 = Release|Any CPU
	EndGlobalSection
	GlobalSection(SolutionProperties) = preSolution
		HideSolutionNode = FALSE
	EndGlobalSection
EndGlobal
