
Microsoft Visual Studio Solution File, Format Version 10.00
# Visual Studio 2008
Project("{FAE04EC0-301F-11D3-BF4B-00C04F79EFBC}") = "GridStar2", "GridStar2\GridStar2.csproj", "{2426DD92-D4D4-4DED-BF29-5CB12BB8C806}"
EndProject
Global
	GlobalSection(SolutionConfigurationPlatforms) = preSolution
		Debug|Any CPU = Debug|Any CPU
		Release|Any CPU = Release|Any CPU
	EndGlobalSection
	GlobalSection(ProjectConfigurationPlatforms) = postSolution
		{2426DD92-D4D4-4DED-BF29-5CB12BB8C806}.Debug|Any CPU.ActiveCfg = Debug|Any CPU
		{2426DD92-D4D4-4DED-BF29-5CB12BB8C806}.Debug|Any CPU.Build.0 = Debug|Any CPU
		{2426DD92-D4D4-4DED-BF29-5CB12BB8C806}.Release|Any CPU.ActiveCfg = Release|Any CPU
		{2426DD92-D4D4-4DED-BF29-5CB12BB8C806}.Release|Any CPU.Build.0 = Release|Any CPU
	EndGlobalSection
	GlobalSection(SolutionProperties) = preSolution
		HideSolutionNode = FALSE
	EndGlobalSection
EndGlobal
