
Microsoft Visual Studio Solution File, Format Version 10.00
# Visual Studio 2008
Project("{FAE04EC0-301F-11D3-BF4B-00C04F79EFBC}") = "Images1", "Images1\Images1.csproj", "{9E43FC17-00CD-4E24-87AB-06F75E80AD22}"
EndProject
Global
	GlobalSection(SolutionConfigurationPlatforms) = preSolution
		Debug|Any CPU = Debug|Any CPU
		Release|Any CPU = Release|Any CPU
	EndGlobalSection
	GlobalSection(ProjectConfigurationPlatforms) = postSolution
		{9E43FC17-00CD-4E24-87AB-06F75E80AD22}.Debug|Any CPU.ActiveCfg = Debug|Any CPU
		{9E43FC17-00CD-4E24-87AB-06F75E80AD22}.Debug|Any CPU.Build.0 = Debug|Any CPU
		{9E43FC17-00CD-4E24-87AB-06F75E80AD22}.Release|Any CPU.ActiveCfg = Release|Any CPU
		{9E43FC17-00CD-4E24-87AB-06F75E80AD22}.Release|Any CPU.Build.0 = Release|Any CPU
	EndGlobalSection
	GlobalSection(SolutionProperties) = preSolution
		HideSolutionNode = FALSE
	EndGlobalSection
EndGlobal
