
Microsoft Visual Studio Solution File, Format Version 10.00
# Visual Studio 2008
Project("{FAE04EC0-301F-11D3-BF4B-00C04F79EFBC}") = "EmbeddedFlowDocument", "EmbeddedFlowDocument\EmbeddedFlowDocument.csproj", "{C907F3D3-963E-4ADE-9C32-94BC233DD7A8}"
EndProject
Global
	GlobalSection(SolutionConfigurationPlatforms) = preSolution
		Debug|Any CPU = Debug|Any CPU
		Release|Any CPU = Release|Any CPU
	EndGlobalSection
	GlobalSection(ProjectConfigurationPlatforms) = postSolution
		{C907F3D3-963E-4ADE-9C32-94BC233DD7A8}.Debug|Any CPU.ActiveCfg = Debug|Any CPU
		{C907F3D3-963E-4ADE-9C32-94BC233DD7A8}.Debug|Any CPU.Build.0 = Debug|Any CPU
		{C907F3D3-963E-4ADE-9C32-94BC233DD7A8}.Release|Any CPU.ActiveCfg = Release|Any CPU
		{C907F3D3-963E-4ADE-9C32-94BC233DD7A8}.Release|Any CPU.Build.0 = Release|Any CPU
	EndGlobalSection
	GlobalSection(SolutionProperties) = preSolution
		HideSolutionNode = FALSE
	EndGlobalSection
EndGlobal
