
Microsoft Visual Studio Solution File, Format Version 10.00
# Visual Studio 2008
Project("{FAE04EC0-301F-11D3-BF4B-00C04F79EFBC}") = "DockPanelEachEdge", "DockPanelEachEdge\DockPanelEachEdge.csproj", "{B27721C6-6D9D-4553-B0F8-3E09DA22C633}"
EndProject
Global
	GlobalSection(SolutionConfigurationPlatforms) = preSolution
		Debug|Any CPU = Debug|Any CPU
		Release|Any CPU = Release|Any CPU
	EndGlobalSection
	GlobalSection(ProjectConfigurationPlatforms) = postSolution
		{B27721C6-6D9D-4553-B0F8-3E09DA22C633}.Debug|Any CPU.ActiveCfg = Debug|Any CPU
		{B27721C6-6D9D-4553-B0F8-3E09DA22C633}.Debug|Any CPU.Build.0 = Debug|Any CPU
		{B27721C6-6D9D-4553-B0F8-3E09DA22C633}.Release|Any CPU.ActiveCfg = Release|Any CPU
		{B27721C6-6D9D-4553-B0F8-3E09DA22C633}.Release|Any CPU.Build.0 = Release|Any CPU
	EndGlobalSection
	GlobalSection(SolutionProperties) = preSolution
		HideSolutionNode = FALSE
	EndGlobalSection
EndGlobal
