
Microsoft Visual Studio Solution File, Format Version 10.00
# Visual Studio 2008
Project("{FAE04EC0-301F-11D3-BF4B-00C04F79EFBC}") = "SizeShareGroups2", "SizeShareGroups2\SizeShareGroups2.csproj", "{6C43B0D9-46A2-4B79-82E2-0223DFCC43A9}"
EndProject
Global
	GlobalSection(SolutionConfigurationPlatforms) = preSolution
		Debug|Any CPU = Debug|Any CPU
		Release|Any CPU = Release|Any CPU
	EndGlobalSection
	GlobalSection(ProjectConfigurationPlatforms) = postSolution
		{6C43B0D9-46A2-4B79-82E2-0223DFCC43A9}.Debug|Any CPU.ActiveCfg = Debug|Any CPU
		{6C43B0D9-46A2-4B79-82E2-0223DFCC43A9}.Debug|Any CPU.Build.0 = Debug|Any CPU
		{6C43B0D9-46A2-4B79-82E2-0223DFCC43A9}.Release|Any CPU.ActiveCfg = Release|Any CPU
		{6C43B0D9-46A2-4B79-82E2-0223DFCC43A9}.Release|Any CPU.Build.0 = Release|Any CPU
	EndGlobalSection
	GlobalSection(SolutionProperties) = preSolution
		HideSolutionNode = FALSE
	EndGlobalSection
EndGlobal
